// !$*UTF8*$!
{
	archiveVersion = 1;
	classes = {
	};
	objectVersion = 56;
	objects = {

/* Begin PBXBuildFile section */
		8545D5EB29AC23E400C7989F /* FollowerDetailView.swift in Sources */ = {isa = PBXBuildFile; fileRef = 8545D5EA29AC23E400C7989F /* FollowerDetailView.swift */; };
		8545D5ED29AC2BAF00C7989F /* EditFollowerView.swift in Sources */ = {isa = PBXBuildFile; fileRef = 8545D5EC29AC2BAF00C7989F /* EditFollowerView.swift */; };
		8545D5EF29AC322600C7989F /* CreateFollowerSkillView.swift in Sources */ = {isa = PBXBuildFile; fileRef = 8545D5EE29AC322600C7989F /* CreateFollowerSkillView.swift */; };
		85E295DA29BD73A00078EDD4 /* HeaderView.swift in Sources */ = {isa = PBXBuildFile; fileRef = 85E295D929BD73A00078EDD4 /* HeaderView.swift */; };
		85E295DC29BE1D7A0078EDD4 /* CustomButton.swift in Sources */ = {isa = PBXBuildFile; fileRef = 85E295DB29BE1D7A0078EDD4 /* CustomButton.swift */; };
		F9479A3129A90499001F33F6 /* HeroDetailView.swift in Sources */ = {isa = PBXBuildFile; fileRef = F9479A3029A90499001F33F6 /* HeroDetailView.swift */; };
		F9479A3329A90875001F33F6 /* EditHeroView.swift in Sources */ = {isa = PBXBuildFile; fileRef = F9479A3229A90875001F33F6 /* EditHeroView.swift */; };
		F9479A3529A9148B001F33F6 /* CharacterDetailView.swift in Sources */ = {isa = PBXBuildFile; fileRef = F9479A3429A9148B001F33F6 /* CharacterDetailView.swift */; };
		F9479A3729A92B42001F33F6 /* CreateHeroSkillView.swift in Sources */ = {isa = PBXBuildFile; fileRef = F9479A3629A92B42001F33F6 /* CreateHeroSkillView.swift */; };
		F9479A3929A941FB001F33F6 /* CreateSpellView.swift in Sources */ = {isa = PBXBuildFile; fileRef = F9479A3829A941FB001F33F6 /* CreateSpellView.swift */; };
		F9479A3B29A947ED001F33F6 /* ItemDetailView.swift in Sources */ = {isa = PBXBuildFile; fileRef = F9479A3A29A947ED001F33F6 /* ItemDetailView.swift */; };
		F9479A3D29AACB42001F33F6 /* ArmorDetailView.swift in Sources */ = {isa = PBXBuildFile; fileRef = F9479A3C29AACB42001F33F6 /* ArmorDetailView.swift */; };
		F9479A4029AACE0B001F33F6 /* CloudKit.framework in Frameworks */ = {isa = PBXBuildFile; fileRef = F9479A3F29AACE0A001F33F6 /* CloudKit.framework */; };
		F9479A4329AADA00001F33F6 /* WeaponDetailView.swift in Sources */ = {isa = PBXBuildFile; fileRef = F9479A4229AADA00001F33F6 /* WeaponDetailView.swift */; };
		F9479A4529AAE744001F33F6 /* SkillDetailView.swift in Sources */ = {isa = PBXBuildFile; fileRef = F9479A4429AAE744001F33F6 /* SkillDetailView.swift */; };
		F9479A4729AAEC28001F33F6 /* SpellDetailView.swift in Sources */ = {isa = PBXBuildFile; fileRef = F9479A4629AAEC28001F33F6 /* SpellDetailView.swift */; };
		F971DF31291FE784002418A0 /* TrackingFiveApp.swift in Sources */ = {isa = PBXBuildFile; fileRef = F971DF30291FE784002418A0 /* TrackingFiveApp.swift */; };
		F971DF33291FE784002418A0 /* ContentView.swift in Sources */ = {isa = PBXBuildFile; fileRef = F971DF32291FE784002418A0 /* ContentView.swift */; };
		F971DF35291FE785002418A0 /* Assets.xcassets in Resources */ = {isa = PBXBuildFile; fileRef = F971DF34291FE785002418A0 /* Assets.xcassets */; };
		F971DF38291FE785002418A0 /* Preview Assets.xcassets in Resources */ = {isa = PBXBuildFile; fileRef = F971DF37291FE785002418A0 /* Preview Assets.xcassets */; };
		F971DF3A291FE785002418A0 /* Persistence.swift in Sources */ = {isa = PBXBuildFile; fileRef = F971DF39291FE785002418A0 /* Persistence.swift */; };
		F971DF3D291FE785002418A0 /* TrackingFive.xcdatamodeld in Sources */ = {isa = PBXBuildFile; fileRef = F971DF3B291FE785002418A0 /* TrackingFive.xcdatamodeld */; };
		F971DF4A291FE9E5002418A0 /* Origin.swift in Sources */ = {isa = PBXBuildFile; fileRef = F971DF49291FE9E5002418A0 /* Origin.swift */; };
		F971DF61292025B0002418A0 /* WarbandListView.swift in Sources */ = {isa = PBXBuildFile; fileRef = F971DF60292025B0002418A0 /* WarbandListView.swift */; };
		F971DF6429202951002418A0 /* WarbandViewModel.swift in Sources */ = {isa = PBXBuildFile; fileRef = F971DF6329202951002418A0 /* WarbandViewModel.swift */; };
		F971DF6929214C50002418A0 /* WeaponType.swift in Sources */ = {isa = PBXBuildFile; fileRef = F971DF6829214C50002418A0 /* WeaponType.swift */; };
		F971DF6B2922934E002418A0 /* CrewListView.swift in Sources */ = {isa = PBXBuildFile; fileRef = F971DF6A2922934E002418A0 /* CrewListView.swift */; };
		F99999B029229D64004FA16B /* WarbandDetailView.swift in Sources */ = {isa = PBXBuildFile; fileRef = F99999AF29229D64004FA16B /* WarbandDetailView.swift */; };
		F99999B2292927A8004FA16B /* EditWarbandDetailsView.swift in Sources */ = {isa = PBXBuildFile; fileRef = F99999B1292927A8004FA16B /* EditWarbandDetailsView.swift */; };
		F99999B4292BE8E1004FA16B /* ThreatLevelsView.swift in Sources */ = {isa = PBXBuildFile; fileRef = F99999B3292BE8E1004FA16B /* ThreatLevelsView.swift */; };
		F99999B6292BEF9D004FA16B /* ThreatNumber.swift in Sources */ = {isa = PBXBuildFile; fileRef = F99999B5292BEF9D004FA16B /* ThreatNumber.swift */; };
		F99999B8292C0246004FA16B /* EditThreatsView.swift in Sources */ = {isa = PBXBuildFile; fileRef = F99999B7292C0246004FA16B /* EditThreatsView.swift */; };
		F99999BA292D9FC8004FA16B /* FriendsKnownView.swift in Sources */ = {isa = PBXBuildFile; fileRef = F99999B9292D9FC8004FA16B /* FriendsKnownView.swift */; };
		F99999BC292E71DC004FA16B /* HiddenLocationsView.swift in Sources */ = {isa = PBXBuildFile; fileRef = F99999BB292E71DC004FA16B /* HiddenLocationsView.swift */; };
		F99999BE29311693004FA16B /* EquipmentStashView.swift in Sources */ = {isa = PBXBuildFile; fileRef = F99999BD29311693004FA16B /* EquipmentStashView.swift */; };
		F99999C0293122F9004FA16B /* NewItemPlacement.swift in Sources */ = {isa = PBXBuildFile; fileRef = F99999BF293122F9004FA16B /* NewItemPlacement.swift */; };
		F99999C229315995004FA16B /* CreateItemView.swift in Sources */ = {isa = PBXBuildFile; fileRef = F99999C129315995004FA16B /* CreateItemView.swift */; };
		F99999C429328ABF004FA16B /* BackpackView.swift in Sources */ = {isa = PBXBuildFile; fileRef = F99999C329328ABF004FA16B /* BackpackView.swift */; };
		F99999C62932FC2F004FA16B /* NotesView.swift in Sources */ = {isa = PBXBuildFile; fileRef = F99999C52932FC2F004FA16B /* NotesView.swift */; };
		F9A4C10829A7C1900066ECD5 /* CharactersView.swift in Sources */ = {isa = PBXBuildFile; fileRef = F9A4C10729A7C1900066ECD5 /* CharactersView.swift */; };
		F9A4C10A29A7EFF30066ECD5 /* CharacterListView.swift in Sources */ = {isa = PBXBuildFile; fileRef = F9A4C10929A7EFF30066ECD5 /* CharacterListView.swift */; };
		F9A4C10E29A7F58C0066ECD5 /* CharacterType.swift in Sources */ = {isa = PBXBuildFile; fileRef = F9A4C10D29A7F58C0066ECD5 /* CharacterType.swift */; };
		F9A4C11029A7F7220066ECD5 /* CreateCharacterView.swift in Sources */ = {isa = PBXBuildFile; fileRef = F9A4C10F29A7F7220066ECD5 /* CreateCharacterView.swift */; };
		F9FF3AC929BD535700E8B1DF /* CustomRectangle.swift in Sources */ = {isa = PBXBuildFile; fileRef = F9FF3AC829BD535700E8B1DF /* CustomRectangle.swift */; };
/* End PBXBuildFile section */

/* Begin PBXFileReference section */
		8545D5EA29AC23E400C7989F /* FollowerDetailView.swift */ = {isa = PBXFileReference; lastKnownFileType = sourcecode.swift; path = FollowerDetailView.swift; sourceTree = "<group>"; };
		8545D5EC29AC2BAF00C7989F /* EditFollowerView.swift */ = {isa = PBXFileReference; lastKnownFileType = sourcecode.swift; path = EditFollowerView.swift; sourceTree = "<group>"; };
		8545D5EE29AC322600C7989F /* CreateFollowerSkillView.swift */ = {isa = PBXFileReference; lastKnownFileType = sourcecode.swift; path = CreateFollowerSkillView.swift; sourceTree = "<group>"; };
		85E295D929BD73A00078EDD4 /* HeaderView.swift */ = {isa = PBXFileReference; lastKnownFileType = sourcecode.swift; path = HeaderView.swift; sourceTree = "<group>"; };
		85E295DB29BE1D7A0078EDD4 /* CustomButton.swift */ = {isa = PBXFileReference; lastKnownFileType = sourcecode.swift; path = CustomButton.swift; sourceTree = "<group>"; };
		F9479A3029A90499001F33F6 /* HeroDetailView.swift */ = {isa = PBXFileReference; lastKnownFileType = sourcecode.swift; path = HeroDetailView.swift; sourceTree = "<group>"; };
		F9479A3229A90875001F33F6 /* EditHeroView.swift */ = {isa = PBXFileReference; lastKnownFileType = sourcecode.swift; path = EditHeroView.swift; sourceTree = "<group>"; };
		F9479A3429A9148B001F33F6 /* CharacterDetailView.swift */ = {isa = PBXFileReference; lastKnownFileType = sourcecode.swift; path = CharacterDetailView.swift; sourceTree = "<group>"; };
		F9479A3629A92B42001F33F6 /* CreateHeroSkillView.swift */ = {isa = PBXFileReference; lastKnownFileType = sourcecode.swift; path = CreateHeroSkillView.swift; sourceTree = "<group>"; };
		F9479A3829A941FB001F33F6 /* CreateSpellView.swift */ = {isa = PBXFileReference; lastKnownFileType = sourcecode.swift; path = CreateSpellView.swift; sourceTree = "<group>"; };
		F9479A3A29A947ED001F33F6 /* ItemDetailView.swift */ = {isa = PBXFileReference; lastKnownFileType = sourcecode.swift; path = ItemDetailView.swift; sourceTree = "<group>"; };
		F9479A3C29AACB42001F33F6 /* ArmorDetailView.swift */ = {isa = PBXFileReference; lastKnownFileType = sourcecode.swift; path = ArmorDetailView.swift; sourceTree = "<group>"; };
		F9479A3F29AACE0A001F33F6 /* CloudKit.framework */ = {isa = PBXFileReference; lastKnownFileType = wrapper.framework; name = CloudKit.framework; path = System/Library/Frameworks/CloudKit.framework; sourceTree = SDKROOT; };
		F9479A4129AACECC001F33F6 /* TrackingFive.entitlements */ = {isa = PBXFileReference; lastKnownFileType = text.plist.entitlements; path = TrackingFive.entitlements; sourceTree = "<group>"; };
		F9479A4229AADA00001F33F6 /* WeaponDetailView.swift */ = {isa = PBXFileReference; lastKnownFileType = sourcecode.swift; path = WeaponDetailView.swift; sourceTree = "<group>"; };
		F9479A4429AAE744001F33F6 /* SkillDetailView.swift */ = {isa = PBXFileReference; lastKnownFileType = sourcecode.swift; path = SkillDetailView.swift; sourceTree = "<group>"; };
		F9479A4629AAEC28001F33F6 /* SpellDetailView.swift */ = {isa = PBXFileReference; lastKnownFileType = sourcecode.swift; path = SpellDetailView.swift; sourceTree = "<group>"; };
		F971DF2D291FE784002418A0 /* TrackingFive.app */ = {isa = PBXFileReference; explicitFileType = wrapper.application; includeInIndex = 0; path = TrackingFive.app; sourceTree = BUILT_PRODUCTS_DIR; };
		F971DF30291FE784002418A0 /* TrackingFiveApp.swift */ = {isa = PBXFileReference; lastKnownFileType = sourcecode.swift; path = TrackingFiveApp.swift; sourceTree = "<group>"; };
		F971DF32291FE784002418A0 /* ContentView.swift */ = {isa = PBXFileReference; lastKnownFileType = sourcecode.swift; path = ContentView.swift; sourceTree = "<group>"; };
		F971DF34291FE785002418A0 /* Assets.xcassets */ = {isa = PBXFileReference; lastKnownFileType = folder.assetcatalog; path = Assets.xcassets; sourceTree = "<group>"; };
		F971DF37291FE785002418A0 /* Preview Assets.xcassets */ = {isa = PBXFileReference; lastKnownFileType = folder.assetcatalog; path = "Preview Assets.xcassets"; sourceTree = "<group>"; };
		F971DF39291FE785002418A0 /* Persistence.swift */ = {isa = PBXFileReference; lastKnownFileType = sourcecode.swift; path = Persistence.swift; sourceTree = "<group>"; };
		F971DF3C291FE785002418A0 /* TrackingFive.xcdatamodel */ = {isa = PBXFileReference; lastKnownFileType = wrapper.xcdatamodel; path = TrackingFive.xcdatamodel; sourceTree = "<group>"; };
		F971DF3E291FE785002418A0 /* Info.plist */ = {isa = PBXFileReference; lastKnownFileType = text.plist.xml; path = Info.plist; sourceTree = "<group>"; };
		F971DF49291FE9E5002418A0 /* Origin.swift */ = {isa = PBXFileReference; lastKnownFileType = sourcecode.swift; path = Origin.swift; sourceTree = "<group>"; };
		F971DF60292025B0002418A0 /* WarbandListView.swift */ = {isa = PBXFileReference; lastKnownFileType = sourcecode.swift; path = WarbandListView.swift; sourceTree = "<group>"; };
		F971DF6329202951002418A0 /* WarbandViewModel.swift */ = {isa = PBXFileReference; lastKnownFileType = sourcecode.swift; path = WarbandViewModel.swift; sourceTree = "<group>"; };
		F971DF6829214C50002418A0 /* WeaponType.swift */ = {isa = PBXFileReference; lastKnownFileType = sourcecode.swift; path = WeaponType.swift; sourceTree = "<group>"; };
		F971DF6A2922934E002418A0 /* CrewListView.swift */ = {isa = PBXFileReference; lastKnownFileType = sourcecode.swift; path = CrewListView.swift; sourceTree = "<group>"; };
		F99999AF29229D64004FA16B /* WarbandDetailView.swift */ = {isa = PBXFileReference; lastKnownFileType = sourcecode.swift; path = WarbandDetailView.swift; sourceTree = "<group>"; };
		F99999B1292927A8004FA16B /* EditWarbandDetailsView.swift */ = {isa = PBXFileReference; lastKnownFileType = sourcecode.swift; path = EditWarbandDetailsView.swift; sourceTree = "<group>"; };
		F99999B3292BE8E1004FA16B /* ThreatLevelsView.swift */ = {isa = PBXFileReference; lastKnownFileType = sourcecode.swift; path = ThreatLevelsView.swift; sourceTree = "<group>"; };
		F99999B5292BEF9D004FA16B /* ThreatNumber.swift */ = {isa = PBXFileReference; lastKnownFileType = sourcecode.swift; path = ThreatNumber.swift; sourceTree = "<group>"; };
		F99999B7292C0246004FA16B /* EditThreatsView.swift */ = {isa = PBXFileReference; lastKnownFileType = sourcecode.swift; path = EditThreatsView.swift; sourceTree = "<group>"; };
		F99999B9292D9FC8004FA16B /* FriendsKnownView.swift */ = {isa = PBXFileReference; lastKnownFileType = sourcecode.swift; path = FriendsKnownView.swift; sourceTree = "<group>"; };
		F99999BB292E71DC004FA16B /* HiddenLocationsView.swift */ = {isa = PBXFileReference; lastKnownFileType = sourcecode.swift; path = HiddenLocationsView.swift; sourceTree = "<group>"; };
		F99999BD29311693004FA16B /* EquipmentStashView.swift */ = {isa = PBXFileReference; lastKnownFileType = sourcecode.swift; path = EquipmentStashView.swift; sourceTree = "<group>"; };
		F99999BF293122F9004FA16B /* NewItemPlacement.swift */ = {isa = PBXFileReference; lastKnownFileType = sourcecode.swift; path = NewItemPlacement.swift; sourceTree = "<group>"; };
		F99999C129315995004FA16B /* CreateItemView.swift */ = {isa = PBXFileReference; lastKnownFileType = sourcecode.swift; path = CreateItemView.swift; sourceTree = "<group>"; };
		F99999C329328ABF004FA16B /* BackpackView.swift */ = {isa = PBXFileReference; lastKnownFileType = sourcecode.swift; path = BackpackView.swift; sourceTree = "<group>"; };
		F99999C52932FC2F004FA16B /* NotesView.swift */ = {isa = PBXFileReference; lastKnownFileType = sourcecode.swift; path = NotesView.swift; sourceTree = "<group>"; };
		F9A4C10729A7C1900066ECD5 /* CharactersView.swift */ = {isa = PBXFileReference; lastKnownFileType = sourcecode.swift; path = CharactersView.swift; sourceTree = "<group>"; };
		F9A4C10929A7EFF30066ECD5 /* CharacterListView.swift */ = {isa = PBXFileReference; lastKnownFileType = sourcecode.swift; path = CharacterListView.swift; sourceTree = "<group>"; };
		F9A4C10D29A7F58C0066ECD5 /* CharacterType.swift */ = {isa = PBXFileReference; lastKnownFileType = sourcecode.swift; path = CharacterType.swift; sourceTree = "<group>"; };
		F9A4C10F29A7F7220066ECD5 /* CreateCharacterView.swift */ = {isa = PBXFileReference; lastKnownFileType = sourcecode.swift; path = CreateCharacterView.swift; sourceTree = "<group>"; };
		F9FF3AC829BD535700E8B1DF /* CustomRectangle.swift */ = {isa = PBXFileReference; lastKnownFileType = sourcecode.swift; path = CustomRectangle.swift; sourceTree = "<group>"; };
/* End PBXFileReference section */

/* Begin PBXFrameworksBuildPhase section */
		F971DF2A291FE784002418A0 /* Frameworks */ = {
			isa = PBXFrameworksBuildPhase;
			buildActionMask = 2147483647;
			files = (
				F9479A4029AACE0B001F33F6 /* CloudKit.framework in Frameworks */,
			);
			runOnlyForDeploymentPostprocessing = 0;
		};
/* End PBXFrameworksBuildPhase section */

/* Begin PBXGroup section */
		F9479A3E29AACE0A001F33F6 /* Frameworks */ = {
			isa = PBXGroup;
			children = (
				F9479A3F29AACE0A001F33F6 /* CloudKit.framework */,
			);
			name = Frameworks;
			sourceTree = "<group>";
		};
		F971DF24291FE784002418A0 = {
			isa = PBXGroup;
			children = (
				F971DF2F291FE784002418A0 /* TrackingFive */,
				F971DF2E291FE784002418A0 /* Products */,
				F9479A3E29AACE0A001F33F6 /* Frameworks */,
			);
			sourceTree = "<group>";
		};
		F971DF2E291FE784002418A0 /* Products */ = {
			isa = PBXGroup;
			children = (
				F971DF2D291FE784002418A0 /* TrackingFive.app */,
			);
			name = Products;
			sourceTree = "<group>";
		};
		F971DF2F291FE784002418A0 /* TrackingFive */ = {
			isa = PBXGroup;
			children = (
				F9FF3AC729BD534200E8B1DF /* Components */,
				F9479A4129AACECC001F33F6 /* TrackingFive.entitlements */,
				F971DF6529204076002418A0 /* Core Data */,
				F971DF622920293F002418A0 /* ViewModels */,
				F971DF5F29202591002418A0 /* Views */,
				F971DF44291FE8BB002418A0 /* Models */,
				F971DF30291FE784002418A0 /* TrackingFiveApp.swift */,
				F971DF32291FE784002418A0 /* ContentView.swift */,
				F971DF34291FE785002418A0 /* Assets.xcassets */,
				F971DF3E291FE785002418A0 /* Info.plist */,
				F971DF3B291FE785002418A0 /* TrackingFive.xcdatamodeld */,
				F971DF36291FE785002418A0 /* Preview Content */,
			);
			path = TrackingFive;
			sourceTree = "<group>";
		};
		F971DF36291FE785002418A0 /* Preview Content */ = {
			isa = PBXGroup;
			children = (
				F971DF37291FE785002418A0 /* Preview Assets.xcassets */,
			);
			path = "Preview Content";
			sourceTree = "<group>";
		};
		F971DF44291FE8BB002418A0 /* Models */ = {
			isa = PBXGroup;
			children = (
				F971DF49291FE9E5002418A0 /* Origin.swift */,
				F971DF6829214C50002418A0 /* WeaponType.swift */,
				F99999B5292BEF9D004FA16B /* ThreatNumber.swift */,
				F99999BF293122F9004FA16B /* NewItemPlacement.swift */,
				F9A4C10D29A7F58C0066ECD5 /* CharacterType.swift */,
			);
			path = Models;
			sourceTree = "<group>";
		};
		F971DF5F29202591002418A0 /* Views */ = {
			isa = PBXGroup;
			children = (
				F971DF60292025B0002418A0 /* WarbandListView.swift */,
				F971DF6A2922934E002418A0 /* CrewListView.swift */,
				F99999AF29229D64004FA16B /* WarbandDetailView.swift */,
				F99999B1292927A8004FA16B /* EditWarbandDetailsView.swift */,
				F99999B3292BE8E1004FA16B /* ThreatLevelsView.swift */,
				F99999B7292C0246004FA16B /* EditThreatsView.swift */,
				F99999B9292D9FC8004FA16B /* FriendsKnownView.swift */,
				F99999BB292E71DC004FA16B /* HiddenLocationsView.swift */,
				F99999BD29311693004FA16B /* EquipmentStashView.swift */,
				F99999C129315995004FA16B /* CreateItemView.swift */,
				F99999C329328ABF004FA16B /* BackpackView.swift */,
				F99999C52932FC2F004FA16B /* NotesView.swift */,
				F9A4C10729A7C1900066ECD5 /* CharactersView.swift */,
				F9A4C10929A7EFF30066ECD5 /* CharacterListView.swift */,
				F9A4C10F29A7F7220066ECD5 /* CreateCharacterView.swift */,
				F9479A3029A90499001F33F6 /* HeroDetailView.swift */,
				F9479A3229A90875001F33F6 /* EditHeroView.swift */,
				F9479A3429A9148B001F33F6 /* CharacterDetailView.swift */,
				F9479A3629A92B42001F33F6 /* CreateHeroSkillView.swift */,
				F9479A3829A941FB001F33F6 /* CreateSpellView.swift */,
				F9479A3A29A947ED001F33F6 /* ItemDetailView.swift */,
				F9479A3C29AACB42001F33F6 /* ArmorDetailView.swift */,
				F9479A4229AADA00001F33F6 /* WeaponDetailView.swift */,
				F9479A4429AAE744001F33F6 /* SkillDetailView.swift */,
				F9479A4629AAEC28001F33F6 /* SpellDetailView.swift */,
				8545D5EA29AC23E400C7989F /* FollowerDetailView.swift */,
				8545D5EC29AC2BAF00C7989F /* EditFollowerView.swift */,
				8545D5EE29AC322600C7989F /* CreateFollowerSkillView.swift */,
			);
			path = Views;
			sourceTree = "<group>";
		};
		F971DF622920293F002418A0 /* ViewModels */ = {
			isa = PBXGroup;
			children = (
				F971DF6329202951002418A0 /* WarbandViewModel.swift */,
			);
			path = ViewModels;
			sourceTree = "<group>";
		};
		F971DF6529204076002418A0 /* Core Data */ = {
			isa = PBXGroup;
			children = (
				F971DF39291FE785002418A0 /* Persistence.swift */,
			);
			path = "Core Data";
			sourceTree = "<group>";
		};
		F9FF3AC729BD534200E8B1DF /* Components */ = {
			isa = PBXGroup;
			children = (
				F9FF3AC829BD535700E8B1DF /* CustomRectangle.swift */,
				85E295D929BD73A00078EDD4 /* HeaderView.swift */,
				85E295DB29BE1D7A0078EDD4 /* CustomButton.swift */,
			);
			path = Components;
			sourceTree = "<group>";
		};
/* End PBXGroup section */

/* Begin PBXNativeTarget section */
		F971DF2C291FE784002418A0 /* TrackingFive */ = {
			isa = PBXNativeTarget;
			buildConfigurationList = F971DF41291FE785002418A0 /* Build configuration list for PBXNativeTarget "TrackingFive" */;
			buildPhases = (
				F971DF29291FE784002418A0 /* Sources */,
				F971DF2A291FE784002418A0 /* Frameworks */,
				F971DF2B291FE784002418A0 /* Resources */,
			);
			buildRules = (
			);
			dependencies = (
			);
			name = TrackingFive;
			productName = TrackingFive;
			productReference = F971DF2D291FE784002418A0 /* TrackingFive.app */;
			productType = "com.apple.product-type.application";
		};
/* End PBXNativeTarget section */

/* Begin PBXProject section */
		F971DF25291FE784002418A0 /* Project object */ = {
			isa = PBXProject;
			attributes = {
				BuildIndependentTargetsInParallel = 1;
				LastSwiftUpdateCheck = 1410;
				LastUpgradeCheck = 1410;
				TargetAttributes = {
					F971DF2C291FE784002418A0 = {
						CreatedOnToolsVersion = 14.1;
					};
				};
			};
			buildConfigurationList = F971DF28291FE784002418A0 /* Build configuration list for PBXProject "TrackingFive" */;
			compatibilityVersion = "Xcode 14.0";
			developmentRegion = en;
			hasScannedForEncodings = 0;
			knownRegions = (
				en,
				Base,
			);
			mainGroup = F971DF24291FE784002418A0;
			productRefGroup = F971DF2E291FE784002418A0 /* Products */;
			projectDirPath = "";
			projectRoot = "";
			targets = (
				F971DF2C291FE784002418A0 /* TrackingFive */,
			);
		};
/* End PBXProject section */

/* Begin PBXResourcesBuildPhase section */
		F971DF2B291FE784002418A0 /* Resources */ = {
			isa = PBXResourcesBuildPhase;
			buildActionMask = 2147483647;
			files = (
				F971DF38291FE785002418A0 /* Preview Assets.xcassets in Resources */,
				F971DF35291FE785002418A0 /* Assets.xcassets in Resources */,
			);
			runOnlyForDeploymentPostprocessing = 0;
		};
/* End PBXResourcesBuildPhase section */

/* Begin PBXSourcesBuildPhase section */
		F971DF29291FE784002418A0 /* Sources */ = {
			isa = PBXSourcesBuildPhase;
			buildActionMask = 2147483647;
			files = (
				F971DF3A291FE785002418A0 /* Persistence.swift in Sources */,
				F9479A4529AAE744001F33F6 /* SkillDetailView.swift in Sources */,
				F99999C0293122F9004FA16B /* NewItemPlacement.swift in Sources */,
				F99999B029229D64004FA16B /* WarbandDetailView.swift in Sources */,
				F9479A3B29A947ED001F33F6 /* ItemDetailView.swift in Sources */,
				F9FF3AC929BD535700E8B1DF /* CustomRectangle.swift in Sources */,
				F9479A3529A9148B001F33F6 /* CharacterDetailView.swift in Sources */,
				8545D5EF29AC322600C7989F /* CreateFollowerSkillView.swift in Sources */,
				F9479A4729AAEC28001F33F6 /* SpellDetailView.swift in Sources */,
				F971DF6929214C50002418A0 /* WeaponType.swift in Sources */,
				F99999B6292BEF9D004FA16B /* ThreatNumber.swift in Sources */,
				F9A4C10E29A7F58C0066ECD5 /* CharacterType.swift in Sources */,
				F99999B8292C0246004FA16B /* EditThreatsView.swift in Sources */,
				8545D5EB29AC23E400C7989F /* FollowerDetailView.swift in Sources */,
				8545D5ED29AC2BAF00C7989F /* EditFollowerView.swift in Sources */,
				85E295DA29BD73A00078EDD4 /* HeaderView.swift in Sources */,
				F9479A3729A92B42001F33F6 /* CreateHeroSkillView.swift in Sources */,
				F9A4C10829A7C1900066ECD5 /* CharactersView.swift in Sources */,
				85E295DC29BE1D7A0078EDD4 /* CustomButton.swift in Sources */,
				F971DF61292025B0002418A0 /* WarbandListView.swift in Sources */,
				F9479A3129A90499001F33F6 /* HeroDetailView.swift in Sources */,
				F971DF33291FE784002418A0 /* ContentView.swift in Sources */,
				F99999C429328ABF004FA16B /* BackpackView.swift in Sources */,
				F9479A4329AADA00001F33F6 /* WeaponDetailView.swift in Sources */,
				F99999BC292E71DC004FA16B /* HiddenLocationsView.swift in Sources */,
				F971DF3D291FE785002418A0 /* TrackingFive.xcdatamodeld in Sources */,
				F971DF31291FE784002418A0 /* TrackingFiveApp.swift in Sources */,
				F971DF4A291FE9E5002418A0 /* Origin.swift in Sources */,
				F971DF6429202951002418A0 /* WarbandViewModel.swift in Sources */,
				F99999C62932FC2F004FA16B /* NotesView.swift in Sources */,
				F9A4C11029A7F7220066ECD5 /* CreateCharacterView.swift in Sources */,
				F971DF6B2922934E002418A0 /* CrewListView.swift in Sources */,
				F9A4C10A29A7EFF30066ECD5 /* CharacterListView.swift in Sources */,
				F9479A3929A941FB001F33F6 /* CreateSpellView.swift in Sources */,
				F99999B2292927A8004FA16B /* EditWarbandDetailsView.swift in Sources */,
				F99999BA292D9FC8004FA16B /* FriendsKnownView.swift in Sources */,
				F99999B4292BE8E1004FA16B /* ThreatLevelsView.swift in Sources */,
				F99999C229315995004FA16B /* CreateItemView.swift in Sources */,
				F9479A3329A90875001F33F6 /* EditHeroView.swift in Sources */,
				F99999BE29311693004FA16B /* EquipmentStashView.swift in Sources */,
				F9479A3D29AACB42001F33F6 /* ArmorDetailView.swift in Sources */,
			);
			runOnlyForDeploymentPostprocessing = 0;
		};
/* End PBXSourcesBuildPhase section */

/* Begin XCBuildConfiguration section */
		F971DF3F291FE785002418A0 /* Debug */ = {
			isa = XCBuildConfiguration;
			buildSettings = {
				ALWAYS_SEARCH_USER_PATHS = NO;
				CLANG_ANALYZER_NONNULL = YES;
				CLANG_ANALYZER_NUMBER_OBJECT_CONVERSION = YES_AGGRESSIVE;
				CLANG_CXX_LANGUAGE_STANDARD = "gnu++20";
				CLANG_ENABLE_MODULES = YES;
				CLANG_ENABLE_OBJC_ARC = YES;
				CLANG_ENABLE_OBJC_WEAK = YES;
				CLANG_WARN_BLOCK_CAPTURE_AUTORELEASING = YES;
				CLANG_WARN_BOOL_CONVERSION = YES;
				CLANG_WARN_COMMA = YES;
				CLANG_WARN_CONSTANT_CONVERSION = YES;
				CLANG_WARN_DEPRECATED_OBJC_IMPLEMENTATIONS = YES;
				CLANG_WARN_DIRECT_OBJC_ISA_USAGE = YES_ERROR;
				CLANG_WARN_DOCUMENTATION_COMMENTS = YES;
				CLANG_WARN_EMPTY_BODY = YES;
				CLANG_WARN_ENUM_CONVERSION = YES;
				CLANG_WARN_INFINITE_RECURSION = YES;
				CLANG_WARN_INT_CONVERSION = YES;
				CLANG_WARN_NON_LITERAL_NULL_CONVERSION = YES;
				CLANG_WARN_OBJC_IMPLICIT_RETAIN_SELF = YES;
				CLANG_WARN_OBJC_LITERAL_CONVERSION = YES;
				CLANG_WARN_OBJC_ROOT_CLASS = YES_ERROR;
				CLANG_WARN_QUOTED_INCLUDE_IN_FRAMEWORK_HEADER = YES;
				CLANG_WARN_RANGE_LOOP_ANALYSIS = YES;
				CLANG_WARN_STRICT_PROTOTYPES = YES;
				CLANG_WARN_SUSPICIOUS_MOVE = YES;
				CLANG_WARN_UNGUARDED_AVAILABILITY = YES_AGGRESSIVE;
				CLANG_WARN_UNREACHABLE_CODE = YES;
				CLANG_WARN__DUPLICATE_METHOD_MATCH = YES;
				COPY_PHASE_STRIP = NO;
				DEBUG_INFORMATION_FORMAT = dwarf;
				ENABLE_STRICT_OBJC_MSGSEND = YES;
				ENABLE_TESTABILITY = YES;
				GCC_C_LANGUAGE_STANDARD = gnu11;
				GCC_DYNAMIC_NO_PIC = NO;
				GCC_NO_COMMON_BLOCKS = YES;
				GCC_OPTIMIZATION_LEVEL = 0;
				GCC_PREPROCESSOR_DEFINITIONS = (
					"DEBUG=1",
					"$(inherited)",
				);
				GCC_WARN_64_TO_32_BIT_CONVERSION = YES;
				GCC_WARN_ABOUT_RETURN_TYPE = YES_ERROR;
				GCC_WARN_UNDECLARED_SELECTOR = YES;
				GCC_WARN_UNINITIALIZED_AUTOS = YES_AGGRESSIVE;
				GCC_WARN_UNUSED_FUNCTION = YES;
				GCC_WARN_UNUSED_VARIABLE = YES;
				IPHONEOS_DEPLOYMENT_TARGET = 16.1;
				MTL_ENABLE_DEBUG_INFO = INCLUDE_SOURCE;
				MTL_FAST_MATH = YES;
				ONLY_ACTIVE_ARCH = YES;
				SDKROOT = iphoneos;
				SWIFT_ACTIVE_COMPILATION_CONDITIONS = DEBUG;
				SWIFT_OPTIMIZATION_LEVEL = "-Onone";
			};
			name = Debug;
		};
		F971DF40291FE785002418A0 /* Release */ = {
			isa = XCBuildConfiguration;
			buildSettings = {
				ALWAYS_SEARCH_USER_PATHS = NO;
				CLANG_ANALYZER_NONNULL = YES;
				CLANG_ANALYZER_NUMBER_OBJECT_CONVERSION = YES_AGGRESSIVE;
				CLANG_CXX_LANGUAGE_STANDARD = "gnu++20";
				CLANG_ENABLE_MODULES = YES;
				CLANG_ENABLE_OBJC_ARC = YES;
				CLANG_ENABLE_OBJC_WEAK = YES;
				CLANG_WARN_BLOCK_CAPTURE_AUTORELEASING = YES;
				CLANG_WARN_BOOL_CONVERSION = YES;
				CLANG_WARN_COMMA = YES;
				CLANG_WARN_CONSTANT_CONVERSION = YES;
				CLANG_WARN_DEPRECATED_OBJC_IMPLEMENTATIONS = YES;
				CLANG_WARN_DIRECT_OBJC_ISA_USAGE = YES_ERROR;
				CLANG_WARN_DOCUMENTATION_COMMENTS = YES;
				CLANG_WARN_EMPTY_BODY = YES;
				CLANG_WARN_ENUM_CONVERSION = YES;
				CLANG_WARN_INFINITE_RECURSION = YES;
				CLANG_WARN_INT_CONVERSION = YES;
				CLANG_WARN_NON_LITERAL_NULL_CONVERSION = YES;
				CLANG_WARN_OBJC_IMPLICIT_RETAIN_SELF = YES;
				CLANG_WARN_OBJC_LITERAL_CONVERSION = YES;
				CLANG_WARN_OBJC_ROOT_CLASS = YES_ERROR;
				CLANG_WARN_QUOTED_INCLUDE_IN_FRAMEWORK_HEADER = YES;
				CLANG_WARN_RANGE_LOOP_ANALYSIS = YES;
				CLANG_WARN_STRICT_PROTOTYPES = YES;
				CLANG_WARN_SUSPICIOUS_MOVE = YES;
				CLANG_WARN_UNGUARDED_AVAILABILITY = YES_AGGRESSIVE;
				CLANG_WARN_UNREACHABLE_CODE = YES;
				CLANG_WARN__DUPLICATE_METHOD_MATCH = YES;
				COPY_PHASE_STRIP = NO;
				DEBUG_INFORMATION_FORMAT = "dwarf-with-dsym";
				ENABLE_NS_ASSERTIONS = NO;
				ENABLE_STRICT_OBJC_MSGSEND = YES;
				GCC_C_LANGUAGE_STANDARD = gnu11;
				GCC_NO_COMMON_BLOCKS = YES;
				GCC_WARN_64_TO_32_BIT_CONVERSION = YES;
				GCC_WARN_ABOUT_RETURN_TYPE = YES_ERROR;
				GCC_WARN_UNDECLARED_SELECTOR = YES;
				GCC_WARN_UNINITIALIZED_AUTOS = YES_AGGRESSIVE;
				GCC_WARN_UNUSED_FUNCTION = YES;
				GCC_WARN_UNUSED_VARIABLE = YES;
				IPHONEOS_DEPLOYMENT_TARGET = 16.1;
				MTL_ENABLE_DEBUG_INFO = NO;
				MTL_FAST_MATH = YES;
				SDKROOT = iphoneos;
				SWIFT_COMPILATION_MODE = wholemodule;
				SWIFT_OPTIMIZATION_LEVEL = "-O";
				VALIDATE_PRODUCT = YES;
			};
			name = Release;
		};
		F971DF42291FE785002418A0 /* Debug */ = {
			isa = XCBuildConfiguration;
			buildSettings = {
				ASSETCATALOG_COMPILER_APPICON_NAME = AppIcon;
				ASSETCATALOG_COMPILER_GLOBAL_ACCENT_COLOR_NAME = AccentColor;
				CODE_SIGN_ENTITLEMENTS = TrackingFive/TrackingFive.entitlements;
				CODE_SIGN_STYLE = Automatic;
				CURRENT_PROJECT_VERSION = 1;
				DEVELOPMENT_ASSET_PATHS = "\"TrackingFive/Preview Content\"";
				DEVELOPMENT_TEAM = 7SGM899LTH;
				ENABLE_PREVIEWS = YES;
				GENERATE_INFOPLIST_FILE = YES;
				INFOPLIST_KEY_UIApplicationSceneManifest_Generation = YES;
				INFOPLIST_KEY_UIApplicationSupportsIndirectInputEvents = YES;
				INFOPLIST_KEY_UILaunchScreen_Generation = YES;
				INFOPLIST_KEY_UISupportedInterfaceOrientations = UIInterfaceOrientationPortrait;
				INFOPLIST_KEY_UISupportedInterfaceOrientations_iPad = "UIInterfaceOrientationPortrait UIInterfaceOrientationLandscapeLeft UIInterfaceOrientationLandscapeRight UIInterfaceOrientationPortraitUpsideDown";
				LD_RUNPATH_SEARCH_PATHS = (
					"$(inherited)",
					"@executable_path/Frameworks",
				);
				MARKETING_VERSION = 1.0;
				PRODUCT_BUNDLE_IDENTIFIER = com.adamsadler.TrackingFive;
				PRODUCT_NAME = "$(TARGET_NAME)";
				SWIFT_EMIT_LOC_STRINGS = YES;
				SWIFT_VERSION = 5.0;
				TARGETED_DEVICE_FAMILY = "1,2";
			};
			name = Debug;
		};
		F971DF43291FE785002418A0 /* Release */ = {
			isa = XCBuildConfiguration;
			buildSettings = {
				ASSETCATALOG_COMPILER_APPICON_NAME = AppIcon;
				ASSETCATALOG_COMPILER_GLOBAL_ACCENT_COLOR_NAME = AccentColor;
				CODE_SIGN_ENTITLEMENTS = TrackingFive/TrackingFive.entitlements;
				CODE_SIGN_STYLE = Automatic;
				CURRENT_PROJECT_VERSION = 1;
				DEVELOPMENT_ASSET_PATHS = "\"TrackingFive/Preview Content\"";
				DEVELOPMENT_TEAM = 7SGM899LTH;
				ENABLE_PREVIEWS = YES;
				GENERATE_INFOPLIST_FILE = YES;
				INFOPLIST_KEY_UIApplicationSceneManifest_Generation = YES;
				INFOPLIST_KEY_UIApplicationSupportsIndirectInputEvents = YES;
				INFOPLIST_KEY_UILaunchScreen_Generation = YES;
				INFOPLIST_KEY_UISupportedInterfaceOrientations = UIInterfaceOrientationPortrait;
				INFOPLIST_KEY_UISupportedInterfaceOrientations_iPad = "UIInterfaceOrientationPortrait UIInterfaceOrientationLandscapeLeft UIInterfaceOrientationLandscapeRight UIInterfaceOrientationPortraitUpsideDown";
				LD_RUNPATH_SEARCH_PATHS = (
					"$(inherited)",
					"@executable_path/Frameworks",
				);
				MARKETING_VERSION = 1.0;
				PRODUCT_BUNDLE_IDENTIFIER = com.adamsadler.TrackingFive;
				PRODUCT_NAME = "$(TARGET_NAME)";
				SWIFT_EMIT_LOC_STRINGS = YES;
				SWIFT_VERSION = 5.0;
				TARGETED_DEVICE_FAMILY = "1,2";
			};
			name = Release;
		};
/* End XCBuildConfiguration section */

/* Begin XCConfigurationList section */
		F971DF28291FE784002418A0 /* Build configuration list for PBXProject "TrackingFive" */ = {
			isa = XCConfigurationList;
			buildConfigurations = (
				F971DF3F291FE785002418A0 /* Debug */,
				F971DF40291FE785002418A0 /* Release */,
			);
			defaultConfigurationIsVisible = 0;
			defaultConfigurationName = Release;
		};
		F971DF41291FE785002418A0 /* Build configuration list for PBXNativeTarget "TrackingFive" */ = {
			isa = XCConfigurationList;
			buildConfigurations = (
				F971DF42291FE785002418A0 /* Debug */,
				F971DF43291FE785002418A0 /* Release */,
			);
			defaultConfigurationIsVisible = 0;
			defaultConfigurationName = Release;
		};
/* End XCConfigurationList section */

/* Begin XCVersionGroup section */
		F971DF3B291FE785002418A0 /* TrackingFive.xcdatamodeld */ = {
			isa = XCVersionGroup;
			children = (
				F971DF3C291FE785002418A0 /* TrackingFive.xcdatamodel */,
			);
			currentVersion = F971DF3C291FE785002418A0 /* TrackingFive.xcdatamodel */;
			path = TrackingFive.xcdatamodeld;
			sourceTree = "<group>";
			versionGroupType = wrapper.xcdatamodel;
		};
/* End XCVersionGroup section */
	};
	rootObject = F971DF25291FE784002418A0 /* Project object */;
}
